{
  "name": "shanbook-uae",
  "version": "1.0.0",
  "lockfileVersion": 1,
  "requires": true,
  "dependencies": {
    "@vuepress/plugin-google-analytics": {
      "version": "1.3.1",
      "resolved": "https://registry.npmjs.org/@vuepress/plugin-google-analytics/-/plugin-google-analytics-1.3.1.tgz",
      "integrity": "sha512-Xb7g86JT/LD1sLYG2txvpp4ztDTOqN5yNRZK5OtzEekCh0NWxIxz0fEYKqVlaskIFnzoA1dfizudyjGCKY+hMw==",
      "dev": true
    }
  }
}
